Microsoft Visual Studio Solution File, Format Version 12.00
# Visual Studio Version 17
VisualStudioVersion = 17.5.2.0
MinimumVisualStudioVersion = 10.0.40219.1
Project("{FAE04EC0-301F-11D3-BF4B-00C04F79EFBC}") = "ExpenseTracker", "ExpenseTracker\ExpenseTracker.csproj", "{CEF96206-638F-D42C-EC66-B3D63A12BF07}"
EndProject
Global
	GlobalSection(SolutionConfigurationPlatforms) = preSolution
		Debug|Any CPU = Debug|Any CPU
		Release|Any CPU = Release|Any CPU
	EndGlobalSection
	GlobalSection(ProjectConfigurationPlatforms) = postSolution
		{CEF96206-638F-D42C-EC66-B3D63A12BF07}.Debug|Any CPU.ActiveCfg = Debug|Any CPU
		{CEF96206-638F-D42C-EC66-B3D63A12BF07}.Debug|Any CPU.Build.0 = Debug|Any CPU
		{CEF96206-638F-D42C-EC66-B3D63A12BF07}.Release|Any CPU.ActiveCfg = Release|Any CPU
		{CEF96206-638F-D42C-EC66-B3D63A12BF07}.Release|Any CPU.Build.0 = Release|Any CPU
	EndGlobalSection
	GlobalSection(SolutionProperties) = preSolution
		HideSolutionNode = FALSE
	EndGlobalSection
	GlobalSection(ExtensibilityGlobals) = postSolution
		SolutionGuid = {1AFCCDE7-5C06-4DBE-A5B1-EDE07269D237}
	EndGlobalSection
EndGlobal
